
Microsoft Visual Studio Solution File, Format Version 12.00
# Visual Studio Version 17
VisualStudioVersion = 17.7.34221.43
MinimumVisualStudioVersion = 10.0.40219.1
Project("{9A19103F-16F7-4668-BE54-9A1E7A4F7556}") = "AbstractFactory", "AbstractFactory\AbstractFactory.csproj", "{39100A81-5C50-41F0-9E72-028B476CCDDE}"
EndProject
Project("{9A19103F-16F7-4668-BE54-9A1E7A4F7556}") = "FactoryMethods", "FactoryMethods\FactoryMethods.csproj", "{13A2E907-D659-45CE-AA97-C8945A81EC58}"
EndProject
Project("{2150E333-8FDC-42A3-9474-1A3956D46DE8}") = "BuilderDesignPattern", "BuilderDesignPattern", "{77EE7C56-C425-4939-8A59-E4F165C3E0FB}"
EndProject
Project("{9A19103F-16F7-4668-BE54-9A1E7A4F7556}") = "BuilderPattern", "BuilderPattern\BuilderPattern.csproj", "{2B19B740-472A-461F-85F3-4A058FF20EC9}"
EndProject
Project("{9A19103F-16F7-4668-BE54-9A1E7A4F7556}") = "BuilderMethods", "BuilderMethods\BuilderMethods.csproj", "{E7DF92BD-F509-46B0-818D-F0C341234F7E}"
EndProject
Project("{2150E333-8FDC-42A3-9474-1A3956D46DE8}") = "AbstractFactoryDesignPattern", "AbstractFactoryDesignPattern", "{0451E675-C6B1-41CE-A140-E5DA89F01734}"
EndProject
Project("{2150E333-8FDC-42A3-9474-1A3956D46DE8}") = "FluentBuilderDesignPattern", "FluentBuilderDesignPattern", "{1C724D51-9AC9-4272-9920-B79046A1E7ED}"
EndProject
Project("{9A19103F-16F7-4668-BE54-9A1E7A4F7556}") = "FluentBuilderPattern", "FluentBuilderPattern\FluentBuilderPattern.csproj", "{380616E7-8E72-439B-940C-5AD3761BE3F6}"
EndProject
Project("{9A19103F-16F7-4668-BE54-9A1E7A4F7556}") = "FluentBuilderMethods", "FluentBuilderMethods\FluentBuilderMethods.csproj", "{9F9A6E67-9B14-4C76-89D9-63882E0809BB}"
EndProject
Project("{2150E333-8FDC-42A3-9474-1A3956D46DE8}") = "AbstractFactoryDesignPattern1", "AbstractFactoryDesignPattern1", "{1666E57A-AEFC-49D4-8EA3-1A79688CA8A9}"
EndProject
Project("{FAE04EC0-301F-11D3-BF4B-00C04F79EFBC}") = "AbstractFactory1", "AbstractFactory1\AbstractFactory1.csproj", "{FDB20F7F-9650-4C8C-86CB-01B46555192C}"
EndProject
Project("{FAE04EC0-301F-11D3-BF4B-00C04F79EFBC}") = "FactoryMethods1", "FactoryMethods1\FactoryMethods1.csproj", "{4EBAE222-F083-4700-B0F1-806A208C062D}"
EndProject
Global
	GlobalSection(SolutionConfigurationPlatforms) = preSolution
		Debug|Any CPU = Debug|Any CPU
		Release|Any CPU = Release|Any CPU
	EndGlobalSection
	GlobalSection(ProjectConfigurationPlatforms) = postSolution
		{39100A81-5C50-41F0-9E72-028B476CCDDE}.Debug|Any CPU.ActiveCfg = Debug|Any CPU
		{39100A81-5C50-41F0-9E72-028B476CCDDE}.Debug|Any CPU.Build.0 = Debug|Any CPU
		{39100A81-5C50-41F0-9E72-028B476CCDDE}.Release|Any CPU.ActiveCfg = Release|Any CPU
		{39100A81-5C50-41F0-9E72-028B476CCDDE}.Release|Any CPU.Build.0 = Release|Any CPU
		{13A2E907-D659-45CE-AA97-C8945A81EC58}.Debug|Any CPU.ActiveCfg = Debug|Any CPU
		{13A2E907-D659-45CE-AA97-C8945A81EC58}.Debug|Any CPU.Build.0 = Debug|Any CPU
		{13A2E907-D659-45CE-AA97-C8945A81EC58}.Release|Any CPU.ActiveCfg = Release|Any CPU
		{13A2E907-D659-45CE-AA97-C8945A81EC58}.Release|Any CPU.Build.0 = Release|Any CPU
		{2B19B740-472A-461F-85F3-4A058FF20EC9}.Debug|Any CPU.ActiveCfg = Debug|Any CPU
		{2B19B740-472A-461F-85F3-4A058FF20EC9}.Debug|Any CPU.Build.0 = Debug|Any CPU
		{2B19B740-472A-461F-85F3-4A058FF20EC9}.Release|Any CPU.ActiveCfg = Release|Any CPU
		{2B19B740-472A-461F-85F3-4A058FF20EC9}.Release|Any CPU.Build.0 = Release|Any CPU
		{E7DF92BD-F509-46B0-818D-F0C341234F7E}.Debug|Any CPU.ActiveCfg = Debug|Any CPU
		{E7DF92BD-F509-46B0-818D-F0C341234F7E}.Debug|Any CPU.Build.0 = Debug|Any CPU
		{E7DF92BD-F509-46B0-818D-F0C341234F7E}.Release|Any CPU.ActiveCfg = Release|Any CPU
		{E7DF92BD-F509-46B0-818D-F0C341234F7E}.Release|Any CPU.Build.0 = Release|Any CPU
		{380616E7-8E72-439B-940C-5AD3761BE3F6}.Debug|Any CPU.ActiveCfg = Debug|Any CPU
		{380616E7-8E72-439B-940C-5AD3761BE3F6}.Debug|Any CPU.Build.0 = Debug|Any CPU
		{380616E7-8E72-439B-940C-5AD3761BE3F6}.Release|Any CPU.ActiveCfg = Release|Any CPU
		{380616E7-8E72-439B-940C-5AD3761BE3F6}.Release|Any CPU.Build.0 = Release|Any CPU
		{9F9A6E67-9B14-4C76-89D9-63882E0809BB}.Debug|Any CPU.ActiveCfg = Debug|Any CPU
		{9F9A6E67-9B14-4C76-89D9-63882E0809BB}.Debug|Any CPU.Build.0 = Debug|Any CPU
		{9F9A6E67-9B14-4C76-89D9-63882E0809BB}.Release|Any CPU.ActiveCfg = Release|Any CPU
		{9F9A6E67-9B14-4C76-89D9-63882E0809BB}.Release|Any CPU.Build.0 = Release|Any CPU
		{FDB20F7F-9650-4C8C-86CB-01B46555192C}.Debug|Any CPU.ActiveCfg = Debug|Any CPU
		{FDB20F7F-9650-4C8C-86CB-01B46555192C}.Debug|Any CPU.Build.0 = Debug|Any CPU
		{FDB20F7F-9650-4C8C-86CB-01B46555192C}.Release|Any CPU.ActiveCfg = Release|Any CPU
		{FDB20F7F-9650-4C8C-86CB-01B46555192C}.Release|Any CPU.Build.0 = Release|Any CPU
		{4EBAE222-F083-4700-B0F1-806A208C062D}.Debug|Any CPU.ActiveCfg = Debug|Any CPU
		{4EBAE222-F083-4700-B0F1-806A208C062D}.Debug|Any CPU.Build.0 = Debug|Any CPU
		{4EBAE222-F083-4700-B0F1-806A208C062D}.Release|Any CPU.ActiveCfg = Release|Any CPU
		{4EBAE222-F083-4700-B0F1-806A208C062D}.Release|Any CPU.Build.0 = Release|Any CPU
	EndGlobalSection
	GlobalSection(SolutionProperties) = preSolution
		HideSolutionNode = FALSE
	EndGlobalSection
	GlobalSection(NestedProjects) = preSolution
		{39100A81-5C50-41F0-9E72-028B476CCDDE} = {0451E675-C6B1-41CE-A140-E5DA89F01734}
		{13A2E907-D659-45CE-AA97-C8945A81EC58} = {0451E675-C6B1-41CE-A140-E5DA89F01734}
		{2B19B740-472A-461F-85F3-4A058FF20EC9} = {77EE7C56-C425-4939-8A59-E4F165C3E0FB}
		{E7DF92BD-F509-46B0-818D-F0C341234F7E} = {77EE7C56-C425-4939-8A59-E4F165C3E0FB}
		{380616E7-8E72-439B-940C-5AD3761BE3F6} = {1C724D51-9AC9-4272-9920-B79046A1E7ED}
		{9F9A6E67-9B14-4C76-89D9-63882E0809BB} = {1C724D51-9AC9-4272-9920-B79046A1E7ED}
		{FDB20F7F-9650-4C8C-86CB-01B46555192C} = {1666E57A-AEFC-49D4-8EA3-1A79688CA8A9}
		{4EBAE222-F083-4700-B0F1-806A208C062D} = {1666E57A-AEFC-49D4-8EA3-1A79688CA8A9}
	EndGlobalSection
	GlobalSection(ExtensibilityGlobals) = postSolution
		SolutionGuid = {56DA7748-967E-449D-BA84-3FEFC698EF1E}
	EndGlobalSection
EndGlobal
